---
path: ".gem_rbs_collection"
gems:
- name: base64
  version: '0.1'
  source:
    type: git
    name: ruby/gem_rbs_collection
    revision: 7c22ddc3de54df89ebb2546c9dcb1c1498c8154a
    remote: https://github.com/ruby/gem_rbs_collection.git
    repo_dir: gems
- name: cgi
  version: '0'
  source:
    type: stdlib
- name: diff-lcs
  version: '1.5'
  source:
    type: git
    name: ruby/gem_rbs_collection
    revision: 7c22ddc3de54df89ebb2546c9dcb1c1498c8154a
    remote: https://github.com/ruby/gem_rbs_collection.git
    repo_dir: gems
- name: fileutils
  version: '0'
  source:
    type: stdlib
- name: logger
  version: '0'
  source:
    type: stdlib
- name: monitor
  version: '0'
  source:
    type: stdlib
- name: rack
  version: '2.2'
  source:
    type: git
    name: ruby/gem_rbs_collection
    revision: 7c22ddc3de54df89ebb2546c9dcb1c1498c8154a
    remote: https://github.com/ruby/gem_rbs_collection.git
    repo_dir: gems
- name: rake
  version: '13.0'
  source:
    type: git
    name: ruby/gem_rbs_collection
    revision: 7c22ddc3de54df89ebb2546c9dcb1c1498c8154a
    remote: https://github.com/ruby/gem_rbs_collection.git
    repo_dir: gems
- name: sinatra
  version: '4.0'
  source:
    type: git
    name: ruby/gem_rbs_collection
    revision: 7c22ddc3de54df89ebb2546c9dcb1c1498c8154a
    remote: https://github.com/ruby/gem_rbs_collection.git
    repo_dir: gems
- name: stringio
  version: '0'
  source:
    type: stdlib
- name: tempfile
  version: '0'
  source:
    type: stdlib
- name: uri
  version: '0'
  source:
    type: stdlib
gemfile_lock_path: Gemfile.lock
